# THIS IS AN AUTOGENERATED FILE. DO NOT EDIT THIS FILE DIRECTLY.
# yarn lockfile v1


"@types/node@^14.14.7":
  version "14.14.7"
  resolved "https://registry.yarnpkg.com/@types/node/-/node-14.14.7.tgz#8ea1e8f8eae2430cf440564b98c6dfce1ec5945d"
  integrity sha512-Zw1vhUSQZYw+7u5dAwNbIA9TuTotpzY/OF7sJM9FqPOF3SPjKnxrjoTktXDZgUjybf4cWVBP7O8wvKdSaGHweg==

jpeg-js@^0.4.2:
  version "0.4.2"
  resolved "https://registry.yarnpkg.com/jpeg-js/-/jpeg-js-0.4.2.tgz#8b345b1ae4abde64c2da2fe67ea216a114ac279d"
  integrity sha512-+az2gi/hvex7eLTMTlbRLOhH6P6WFdk2ITI8HJsaH2VqYO0I594zXSYEP+tf4FW+8Cy68ScDXoAsQdyQanv3sw==

pngjs@^6.0.0:
  version "6.0.0"
  resolved "https://registry.yarnpkg.com/pngjs/-/pngjs-6.0.0.tgz#ca9e5d2aa48db0228a52c419c3308e87720da821"
  integrity sha512-TRzzuFRRmEoSW/p1KVAmiOgPco2Irlah+bGFCeNfJXxxYGwSw7YwAOAcd7X28K/m5bjBWKsC29KyoMfHbypayg==
